
Microsoft Visual Studio Solution File, Format Version 12.00
# Visual Studio Version 17
VisualStudioVersion = 17.2.32630.192
MinimumVisualStudioVersion = 10.0.40219.1
Project("{FAE04EC0-301F-11D3-BF4B-00C04F79EFBC}") = "ConsoleTimeSeries", "ConsoleTimeSeries\ConsoleTimeSeries.csproj", "{356346A0-44C5-4E11-B061-FD6B6B2AE9C2}"
EndProject
Global
	GlobalSection(SolutionConfigurationPlatforms) = preSolution
		Debug|Any CPU = Debug|Any CPU
		Release|Any CPU = Release|Any CPU
	EndGlobalSection
	GlobalSection(ProjectConfigurationPlatforms) = postSolution
		{356346A0-44C5-4E11-B061-FD6B6B2AE9C2}.Debug|Any CPU.ActiveCfg = Debug|Any CPU
		{356346A0-44C5-4E11-B061-FD6B6B2AE9C2}.Debug|Any CPU.Build.0 = Debug|Any CPU
		{356346A0-44C5-4E11-B061-FD6B6B2AE9C2}.Release|Any CPU.ActiveCfg = Release|Any CPU
		{356346A0-44C5-4E11-B061-FD6B6B2AE9C2}.Release|Any CPU.Build.0 = Release|Any CPU
	EndGlobalSection
	GlobalSection(SolutionProperties) = preSolution
		HideSolutionNode = FALSE
	EndGlobalSection
	GlobalSection(ExtensibilityGlobals) = postSolution
		SolutionGuid = {813096DF-816A-4F70-9893-1AA6ADCED0EB}
	EndGlobalSection
EndGlobal
